
Microsoft Visual Studio Solution File, Format Version 12.00
# Visual Studio 15
VisualStudioVersion = 15.0.26124.0
MinimumVisualStudioVersion = 15.0.26124.0
Project("{FAE04EC0-301F-11D3-BF4B-00C04F79EFBC}") = "serverrest", "serverrest\serverrest.csproj", "{9648869C-F03F-46B2-B9D3-EEC53049D543}"
EndProject
Project("{FAE04EC0-301F-11D3-BF4B-00C04F79EFBC}") = "server.data", "server.data\server.data.csproj", "{50524CF2-E6D6-4F94-B1DD-5F93EB8D731A}"
EndProject
Global
	GlobalSection(SolutionConfigurationPlatforms) = preSolution
		Debug|Any CPU = Debug|Any CPU
		Debug|x64 = Debug|x64
		Debug|x86 = Debug|x86
		Release|Any CPU = Release|Any CPU
		Release|x64 = Release|x64
		Release|x86 = Release|x86
	EndGlobalSection
	GlobalSection(SolutionProperties) = preSolution
		HideSolutionNode = FALSE
	EndGlobalSection
	GlobalSection(ProjectConfigurationPlatforms) = postSolution
		{9648869C-F03F-46B2-B9D3-EEC53049D543}.Debug|Any CPU.ActiveCfg = Debug|Any CPU
		{9648869C-F03F-46B2-B9D3-EEC53049D543}.Debug|Any CPU.Build.0 = Debug|Any CPU
		{9648869C-F03F-46B2-B9D3-EEC53049D543}.Debug|x64.ActiveCfg = Debug|Any CPU
		{9648869C-F03F-46B2-B9D3-EEC53049D543}.Debug|x64.Build.0 = Debug|Any CPU
		{9648869C-F03F-46B2-B9D3-EEC53049D543}.Debug|x86.ActiveCfg = Debug|Any CPU
		{9648869C-F03F-46B2-B9D3-EEC53049D543}.Debug|x86.Build.0 = Debug|Any CPU
		{9648869C-F03F-46B2-B9D3-EEC53049D543}.Release|Any CPU.ActiveCfg = Release|Any CPU
		{9648869C-F03F-46B2-B9D3-EEC53049D543}.Release|Any CPU.Build.0 = Release|Any CPU
		{9648869C-F03F-46B2-B9D3-EEC53049D543}.Release|x64.ActiveCfg = Release|Any CPU
		{9648869C-F03F-46B2-B9D3-EEC53049D543}.Release|x64.Build.0 = Release|Any CPU
		{9648869C-F03F-46B2-B9D3-EEC53049D543}.Release|x86.ActiveCfg = Release|Any CPU
		{9648869C-F03F-46B2-B9D3-EEC53049D543}.Release|x86.Build.0 = Release|Any CPU
		{50524CF2-E6D6-4F94-B1DD-5F93EB8D731A}.Debug|Any CPU.ActiveCfg = Debug|Any CPU
		{50524CF2-E6D6-4F94-B1DD-5F93EB8D731A}.Debug|Any CPU.Build.0 = Debug|Any CPU
		{50524CF2-E6D6-4F94-B1DD-5F93EB8D731A}.Debug|x64.ActiveCfg = Debug|Any CPU
		{50524CF2-E6D6-4F94-B1DD-5F93EB8D731A}.Debug|x64.Build.0 = Debug|Any CPU
		{50524CF2-E6D6-4F94-B1DD-5F93EB8D731A}.Debug|x86.ActiveCfg = Debug|Any CPU
		{50524CF2-E6D6-4F94-B1DD-5F93EB8D731A}.Debug|x86.Build.0 = Debug|Any CPU
		{50524CF2-E6D6-4F94-B1DD-5F93EB8D731A}.Release|Any CPU.ActiveCfg = Release|Any CPU
		{50524CF2-E6D6-4F94-B1DD-5F93EB8D731A}.Release|Any CPU.Build.0 = Release|Any CPU
		{50524CF2-E6D6-4F94-B1DD-5F93EB8D731A}.Release|x64.ActiveCfg = Release|Any CPU
		{50524CF2-E6D6-4F94-B1DD-5F93EB8D731A}.Release|x64.Build.0 = Release|Any CPU
		{50524CF2-E6D6-4F94-B1DD-5F93EB8D731A}.Release|x86.ActiveCfg = Release|Any CPU
		{50524CF2-E6D6-4F94-B1DD-5F93EB8D731A}.Release|x86.Build.0 = Release|Any CPU
	EndGlobalSection
EndGlobal
